
Microsoft Visual Studio Solution File, Format Version 12.00
# Visual Studio Version 16
VisualStudioVersion = 16.0.29418.71
MinimumVisualStudioVersion = 10.0.40219.1
Project("{FAE04EC0-301F-11D3-BF4B-00C04F79EFBC}") = "GUI", "GUI\GUI.csproj", "{425ED925-98DC-4CEF-95B7-00178EC7EE2C}"
EndProject
Global
	GlobalSection(SolutionConfigurationPlatforms) = preSolution
		Debug|Any CPU = Debug|Any CPU
		Release|Any CPU = Release|Any CPU
	EndGlobalSection
	GlobalSection(ProjectConfigurationPlatforms) = postSolution
		{425ED925-98DC-4CEF-95B7-00178EC7EE2C}.Debug|Any CPU.ActiveCfg = Debug|Any CPU
		{425ED925-98DC-4CEF-95B7-00178EC7EE2C}.Debug|Any CPU.Build.0 = Debug|Any CPU
		{425ED925-98DC-4CEF-95B7-00178EC7EE2C}.Release|Any CPU.ActiveCfg = Release|Any CPU
		{425ED925-98DC-4CEF-95B7-00178EC7EE2C}.Release|Any CPU.Build.0 = Release|Any CPU
	EndGlobalSection
	GlobalSection(SolutionProperties) = preSolution
		HideSolutionNode = FALSE
	EndGlobalSection
	GlobalSection(ExtensibilityGlobals) = postSolution
		SolutionGuid = {003FC395-1421-4E55-8DBE-9B8720D32DE3}
	EndGlobalSection
EndGlobal
